
Microsoft Visual Studio Solution File, Format Version 12.00
# Visual Studio 15
VisualStudioVersion = 15.0.27428.2015
MinimumVisualStudioVersion = 10.0.40219.1
Project("{888888A0-9F3D-457C-B088-3A5042F75D52}") = "FlaskWebProject1", "FlaskWebProject1\FlaskWebProject1.pyproj", "{360B120A-9B31-4987-84C5-00DDBA39ACB2}"
EndProject
Global
	GlobalSection(SolutionConfigurationPlatforms) = preSolution
		Debug|Any CPU = Debug|Any CPU
		Release|Any CPU = Release|Any CPU
	EndGlobalSection
	GlobalSection(ProjectConfigurationPlatforms) = postSolution
		{360B120A-9B31-4987-84C5-00DDBA39ACB2}.Debug|Any CPU.ActiveCfg = Debug|Any CPU
		{360B120A-9B31-4987-84C5-00DDBA39ACB2}.Debug|Any CPU.Build.0 = Debug|Any CPU
		{360B120A-9B31-4987-84C5-00DDBA39ACB2}.Release|Any CPU.ActiveCfg = Release|Any CPU
		{360B120A-9B31-4987-84C5-00DDBA39ACB2}.Release|Any CPU.Build.0 = Release|Any CPU
	EndGlobalSection
	GlobalSection(SolutionProperties) = preSolution
		HideSolutionNode = FALSE
	EndGlobalSection
	GlobalSection(ExtensibilityGlobals) = postSolution
		SolutionGuid = {D07144BA-FE68-44BC-8FE6-4D09B8CD4434}
	EndGlobalSection
EndGlobal
